
Microsoft Visual Studio Solution File, Format Version 12.00
# Visual Studio Version 16
VisualStudioVersion = 16.0.28729.10
MinimumVisualStudioVersion = 10.0.40219.1
Project("{FAE04EC0-301F-11D3-BF4B-00C04F79EFBC}") = "Personel_Takip", "Personel_Takip\Personel_Takip.csproj", "{C69FD703-C1A0-45A0-BF51-D18DE0F8011E}"
EndProject
Global
	GlobalSection(SolutionConfigurationPlatforms) = preSolution
		Debug|Any CPU = Debug|Any CPU
		Debug|x64 = Debug|x64
		Debug|x86 = Debug|x86
		Release|Any CPU = Release|Any CPU
		Release|x64 = Release|x64
		Release|x86 = Release|x86
	EndGlobalSection
	GlobalSection(ProjectConfigurationPlatforms) = postSolution
		{C69FD703-C1A0-45A0-BF51-D18DE0F8011E}.Debug|Any CPU.ActiveCfg = Debug|Any CPU
		{C69FD703-C1A0-45A0-BF51-D18DE0F8011E}.Debug|Any CPU.Build.0 = Debug|Any CPU
		{C69FD703-C1A0-45A0-BF51-D18DE0F8011E}.Debug|x64.ActiveCfg = Debug|x64
		{C69FD703-C1A0-45A0-BF51-D18DE0F8011E}.Debug|x64.Build.0 = Debug|x64
		{C69FD703-C1A0-45A0-BF51-D18DE0F8011E}.Debug|x86.ActiveCfg = Debug|x86
		{C69FD703-C1A0-45A0-BF51-D18DE0F8011E}.Debug|x86.Build.0 = Debug|x86
		{C69FD703-C1A0-45A0-BF51-D18DE0F8011E}.Release|Any CPU.ActiveCfg = Release|Any CPU
		{C69FD703-C1A0-45A0-BF51-D18DE0F8011E}.Release|Any CPU.Build.0 = Release|Any CPU
		{C69FD703-C1A0-45A0-BF51-D18DE0F8011E}.Release|x64.ActiveCfg = Release|x64
		{C69FD703-C1A0-45A0-BF51-D18DE0F8011E}.Release|x64.Build.0 = Release|x64
		{C69FD703-C1A0-45A0-BF51-D18DE0F8011E}.Release|x86.ActiveCfg = Release|x86
		{C69FD703-C1A0-45A0-BF51-D18DE0F8011E}.Release|x86.Build.0 = Release|x86
	EndGlobalSection
	GlobalSection(SolutionProperties) = preSolution
		HideSolutionNode = FALSE
	EndGlobalSection
	GlobalSection(ExtensibilityGlobals) = postSolution
		SolutionGuid = {1F55259E-88F7-4686-9E27-C9059E7713E4}
	EndGlobalSection
EndGlobal
